// !$*UTF8*$!
{
	archiveVersion = 1;
	classes = {
	};
	objectVersion = 46;
	objects = {

/* Begin PBXBuildFile section */
		4B066ED219D0C43C00B20F30 /* NewVendorViewController.swift in Sources */ = {isa = PBXBuildFile; fileRef = 4B066ED119D0C43C00B20F30 /* NewVendorViewController.swift */; };
		4B076BE619E4C133009F6B20 /* VendorDetailViewController.swift in Sources */ = {isa = PBXBuildFile; fileRef = 4B076BE519E4C133009F6B20 /* VendorDetailViewController.swift */; };
		4B076BF119E4C251009F6B20 /* Admin.swift in Sources */ = {isa = PBXBuildFile; fileRef = 4B076BF019E4C251009F6B20 /* Admin.swift */; };
		4B076BFA19E4F09C009F6B20 /* VendorDetailTransitioningDelegate.swift in Sources */ = {isa = PBXBuildFile; fileRef = 4B076BF919E4F09C009F6B20 /* VendorDetailTransitioningDelegate.swift */; };
		4B076C1119E6BBDB009F6B20 /* Realm.framework in Frameworks */ = {isa = PBXBuildFile; fileRef = 4B076C1019E6BBDB009F6B20 /* Realm.framework */; };
		4B076C1319E6BC00009F6B20 /* libc++.dylib in Frameworks */ = {isa = PBXBuildFile; fileRef = 4B076C1219E6BC00009F6B20 /* libc++.dylib */; };
		4B076C1519E6BC26009F6B20 /* RLMSupport.swift in Sources */ = {isa = PBXBuildFile; fileRef = 4B076C1419E6BC26009F6B20 /* RLMSupport.swift */; };
		4B09760319D38CBA005E73C3 /* Map.swift in Sources */ = {isa = PBXBuildFile; fileRef = 4B09760219D38CBA005E73C3 /* Map.swift */; };
		4B09762219D50E23005E73C3 /* String.swift in Sources */ = {isa = PBXBuildFile; fileRef = 4B09762119D50E23005E73C3 /* String.swift */; };
		4B1C5FBB19DBB7A400B17AC4 /* RLMRealm.swift in Sources */ = {isa = PBXBuildFile; fileRef = 4B1C5FBA19DBB7A400B17AC4 /* RLMRealm.swift */; };
		4B1F497A19CE3ABF006DC6C1 /* AdminSession.swift in Sources */ = {isa = PBXBuildFile; fileRef = 4B1F497919CE3ABF006DC6C1 /* AdminSession.swift */; };
		4B284F3219BBC33F00A4D6AB /* AppDelegate.swift in Sources */ = {isa = PBXBuildFile; fileRef = 4B284F3119BBC33F00A4D6AB /* AppDelegate.swift */; };
		4B284F3419BBC33F00A4D6AB /* ViewController.swift in Sources */ = {isa = PBXBuildFile; fileRef = 4B284F3319BBC33F00A4D6AB /* ViewController.swift */; };
		4B284F3719BBC33F00A4D6AB /* Main.storyboard in Resources */ = {isa = PBXBuildFile; fileRef = 4B284F3519BBC33F00A4D6AB /* Main.storyboard */; };
		4B284F3919BBC33F00A4D6AB /* Images.xcassets in Resources */ = {isa = PBXBuildFile; fileRef = 4B284F3819BBC33F00A4D6AB /* Images.xcassets */; };
		4B284F4519BBC33F00A4D6AB /* Chelitas_ArtesanasTests.swift in Sources */ = {isa = PBXBuildFile; fileRef = 4B284F4419BBC33F00A4D6AB /* Chelitas_ArtesanasTests.swift */; };
		4B284F4F19BBC51E00A4D6AB /* MapKit.framework in Frameworks */ = {isa = PBXBuildFile; fileRef = 4B284F4E19BBC51E00A4D6AB /* MapKit.framework */; };
		4B30135F19E73A0A00AE809D /* Alamofire.framework in Frameworks */ = {isa = PBXBuildFile; fileRef = 4B30135C19E739A900AE809D /* Alamofire.framework */; };
		4B30136019E73A2B00AE809D /* Alamofire.framework in Copy Frameworks */ = {isa = PBXBuildFile; fileRef = 4B30135C19E739A900AE809D /* Alamofire.framework */; settings = {ATTRIBUTES = (CodeSignOnCopy, RemoveHeadersOnCopy, ); }; };
		4B3686B019D5DAC1002BDDA2 /* MapItemProvider.swift in Sources */ = {isa = PBXBuildFile; fileRef = 4B3686AF19D5DAC1002BDDA2 /* MapItemProvider.swift */; };
		4B3686B319D9909B002BDDA2 /* NSDateFormatter.swift in Sources */ = {isa = PBXBuildFile; fileRef = 4B3686B219D9909B002BDDA2 /* NSDateFormatter.swift */; };
		4B3686C719DAFC25002BDDA2 /* API.swift in Sources */ = {isa = PBXBuildFile; fileRef = 4B3686C619DAFC25002BDDA2 /* API.swift */; };
		4B3FE4D219CA8B19003EEB61 /* LoginViewController.swift in Sources */ = {isa = PBXBuildFile; fileRef = 4B3FE4D119CA8B19003EEB61 /* LoginViewController.swift */; };
		4B8AE30019CA7B850039D97E /* ShowVendorViewController.swift in Sources */ = {isa = PBXBuildFile; fileRef = 4B8AE2FF19CA7B850039D97E /* ShowVendorViewController.swift */; };
		4B8C031C19CE2EFC008E9A00 /* Array.swift in Sources */ = {isa = PBXBuildFile; fileRef = 4B8C031B19CE2EFC008E9A00 /* Array.swift */; };
		4BA4D12319C92D8200C46562 /* Admin.storyboard in Resources */ = {isa = PBXBuildFile; fileRef = 4BA4D12219C92D8200C46562 /* Admin.storyboard */; };
		4BA4D12519C92E3200C46562 /* VendorListViewController.swift in Sources */ = {isa = PBXBuildFile; fileRef = 4BA4D12419C92E3200C46562 /* VendorListViewController.swift */; };
		4BDE1ECC19BFFD1B00CB3495 /* Vendor.swift in Sources */ = {isa = PBXBuildFile; fileRef = 4BDE1ECB19BFFD1B00CB3495 /* Vendor.swift */; };
		4BDE1ECE19C0850600CB3495 /* Brewery.swift in Sources */ = {isa = PBXBuildFile; fileRef = 4BDE1ECD19C0850600CB3495 /* Brewery.swift */; };
		4BDE1ED019C0864200CB3495 /* Stocking.swift in Sources */ = {isa = PBXBuildFile; fileRef = 4BDE1ECF19C0864200CB3495 /* Stocking.swift */; };
		4BE2179019C1324100733D77 /* BreweryViewController.swift in Sources */ = {isa = PBXBuildFile; fileRef = 4BE2178F19C1324100733D77 /* BreweryViewController.swift */; };
		4BE2179919C13C9D00733D77 /* InformationViewController.swift in Sources */ = {isa = PBXBuildFile; fileRef = 4BE2179819C13C9D00733D77 /* InformationViewController.swift */; };
		D5611B8E724E4E22BB8E9566 /* libPods.a in Frameworks */ = {isa = PBXBuildFile; fileRef = 10B624A676044CE580C0D84B /* libPods.a */; };
/* End PBXBuildFile section */

/* Begin PBXContainerItemProxy section */
		4B284F3F19BBC33F00A4D6AB /* PBXContainerItemProxy */ = {
			isa = PBXContainerItemProxy;
			containerPortal = 4B284F2419BBC33F00A4D6AB /* Project object */;
			proxyType = 1;
			remoteGlobalIDString = 4B284F2B19BBC33F00A4D6AB;
			remoteInfo = "Chelitas Artesanas";
		};
		4B30135B19E739A900AE809D /* PBXContainerItemProxy */ = {
			isa = PBXContainerItemProxy;
			containerPortal = 4B30135419E739A900AE809D /* Alamofire.xcodeproj */;
			proxyType = 2;
			remoteGlobalIDString = F8111E3319A95C8B0040E7D1;
			remoteInfo = Alamofire;
		};
		4B30135D19E739A900AE809D /* PBXContainerItemProxy */ = {
			isa = PBXContainerItemProxy;
			containerPortal = 4B30135419E739A900AE809D /* Alamofire.xcodeproj */;
			proxyType = 2;
			remoteGlobalIDString = F8111E3E19A95C8B0040E7D1;
			remoteInfo = AlamofireTests;
		};
/* End PBXContainerItemProxy section */

/* Begin PBXCopyFilesBuildPhase section */
		4B2E0C6E19BFFB4D001E71A2 /* Copy Frameworks */ = {
			isa = PBXCopyFilesBuildPhase;
			buildActionMask = 2147483647;
			dstPath = "";
			dstSubfolderSpec = 10;
			files = (
				4B30136019E73A2B00AE809D /* Alamofire.framework in Copy Frameworks */,
			);
			name = "Copy Frameworks";
			runOnlyForDeploymentPostprocessing = 0;
		};
/* End PBXCopyFilesBuildPhase section */

/* Begin PBXFileReference section */
		10B624A676044CE580C0D84B /* libPods.a */ = {isa = PBXFileReference; explicitFileType = archive.ar; includeInIndex = 0; path = libPods.a; sourceTree = BUILT_PRODUCTS_DIR; };
		4B066ED119D0C43C00B20F30 /* NewVendorViewController.swift */ = {isa = PBXFileReference; fileEncoding = 4; lastKnownFileType = sourcecode.swift; path = NewVendorViewController.swift; sourceTree = "<group>"; };
		4B076BE519E4C133009F6B20 /* VendorDetailViewController.swift */ = {isa = PBXFileReference; fileEncoding = 4; lastKnownFileType = sourcecode.swift; path = VendorDetailViewController.swift; sourceTree = "<group>"; };
		4B076BF019E4C251009F6B20 /* Admin.swift */ = {isa = PBXFileReference; fileEncoding = 4; lastKnownFileType = sourcecode.swift; path = Admin.swift; sourceTree = "<group>"; };
		4B076BF919E4F09C009F6B20 /* VendorDetailTransitioningDelegate.swift */ = {isa = PBXFileReference; fileEncoding = 4; lastKnownFileType = sourcecode.swift; path = VendorDetailTransitioningDelegate.swift; sourceTree = "<group>"; };
		4B076C1019E6BBDB009F6B20 /* Realm.framework */ = {isa = PBXFileReference; lastKnownFileType = wrapper.framework; path = Realm.framework; sourceTree = "<group>"; };
		4B076C1219E6BC00009F6B20 /* libc++.dylib */ = {isa = PBXFileReference; lastKnownFileType = "compiled.mach-o.dylib"; name = "libc++.dylib"; path = "usr/lib/libc++.dylib"; sourceTree = SDKROOT; };
		4B076C1419E6BC26009F6B20 /* RLMSupport.swift */ = {isa = PBXFileReference; fileEncoding = 4; lastKnownFileType = sourcecode.swift; path = RLMSupport.swift; sourceTree = "<group>"; };
		4B09760219D38CBA005E73C3 /* Map.swift */ = {isa = PBXFileReference; fileEncoding = 4; lastKnownFileType = sourcecode.swift; path = Map.swift; sourceTree = "<group>"; };
		4B09760D19D3C7BE005E73C3 /* Chelitas-Artesanas-Bridging-Header.h */ = {isa = PBXFileReference; lastKnownFileType = sourcecode.c.h; path = "Chelitas-Artesanas-Bridging-Header.h"; sourceTree = "<group>"; };
		4B09762119D50E23005E73C3 /* String.swift */ = {isa = PBXFileReference; fileEncoding = 4; lastKnownFileType = sourcecode.swift; path = String.swift; sourceTree = "<group>"; };
		4B1C5FBA19DBB7A400B17AC4 /* RLMRealm.swift */ = {isa = PBXFileReference; fileEncoding = 4; lastKnownFileType = sourcecode.swift; path = RLMRealm.swift; sourceTree = "<group>"; };
		4B1F497919CE3ABF006DC6C1 /* AdminSession.swift */ = {isa = PBXFileReference; fileEncoding = 4; lastKnownFileType = sourcecode.swift; path = AdminSession.swift; sourceTree = "<group>"; };
		4B284F2C19BBC33F00A4D6AB /* Chelitas Artesanas.app */ = {isa = PBXFileReference; explicitFileType = wrapper.application; includeInIndex = 0; path = "Chelitas Artesanas.app"; sourceTree = BUILT_PRODUCTS_DIR; };
		4B284F3019BBC33F00A4D6AB /* Info.plist */ = {isa = PBXFileReference; lastKnownFileType = text.plist.xml; path = Info.plist; sourceTree = "<group>"; };
		4B284F3119BBC33F00A4D6AB /* AppDelegate.swift */ = {isa = PBXFileReference; lastKnownFileType = sourcecode.swift; path = AppDelegate.swift; sourceTree = "<group>"; };
		4B284F3319BBC33F00A4D6AB /* ViewController.swift */ = {isa = PBXFileReference; lastKnownFileType = sourcecode.swift; path = ViewController.swift; sourceTree = "<group>"; };
		4B284F3619BBC33F00A4D6AB /* Base */ = {isa = PBXFileReference; lastKnownFileType = file.storyboard; name = Base; path = Base.lproj/Main.storyboard; sourceTree = "<group>"; };
		4B284F3819BBC33F00A4D6AB /* Images.xcassets */ = {isa = PBXFileReference; lastKnownFileType = folder.assetcatalog; path = Images.xcassets; sourceTree = "<group>"; };
		4B284F3E19BBC33F00A4D6AB /* Chelitas ArtesanasTests.xctest */ = {isa = PBXFileReference; explicitFileType = wrapper.cfbundle; includeInIndex = 0; path = "Chelitas ArtesanasTests.xctest"; sourceTree = BUILT_PRODUCTS_DIR; };
		4B284F4319BBC33F00A4D6AB /* Info.plist */ = {isa = PBXFileReference; lastKnownFileType = text.plist.xml; path = Info.plist; sourceTree = "<group>"; };
		4B284F4419BBC33F00A4D6AB /* Chelitas_ArtesanasTests.swift */ = {isa = PBXFileReference; lastKnownFileType = sourcecode.swift; path = Chelitas_ArtesanasTests.swift; sourceTree = "<group>"; };
		4B284F4E19BBC51E00A4D6AB /* MapKit.framework */ = {isa = PBXFileReference; lastKnownFileType = wrapper.framework; name = MapKit.framework; path = System/Library/Frameworks/MapKit.framework; sourceTree = SDKROOT; };
		4B30135419E739A900AE809D /* Alamofire.xcodeproj */ = {isa = PBXFileReference; lastKnownFileType = "wrapper.pb-project"; name = Alamofire.xcodeproj; path = Alamofire/Alamofire.xcodeproj; sourceTree = "<group>"; };
		4B3686AF19D5DAC1002BDDA2 /* MapItemProvider.swift */ = {isa = PBXFileReference; fileEncoding = 4; lastKnownFileType = sourcecode.swift; path = MapItemProvider.swift; sourceTree = "<group>"; };
		4B3686B219D9909B002BDDA2 /* NSDateFormatter.swift */ = {isa = PBXFileReference; fileEncoding = 4; lastKnownFileType = sourcecode.swift; path = NSDateFormatter.swift; sourceTree = "<group>"; };
		4B3686C619DAFC25002BDDA2 /* API.swift */ = {isa = PBXFileReference; fileEncoding = 4; lastKnownFileType = sourcecode.swift; path = API.swift; sourceTree = "<group>"; };
		4B3FE4D119CA8B19003EEB61 /* LoginViewController.swift */ = {isa = PBXFileReference; fileEncoding = 4; lastKnownFileType = sourcecode.swift; path = LoginViewController.swift; sourceTree = "<group>"; };
		4B8AE2FF19CA7B850039D97E /* ShowVendorViewController.swift */ = {isa = PBXFileReference; fileEncoding = 4; lastKnownFileType = sourcecode.swift; path = ShowVendorViewController.swift; sourceTree = "<group>"; };
		4B8C031B19CE2EFC008E9A00 /* Array.swift */ = {isa = PBXFileReference; fileEncoding = 4; lastKnownFileType = sourcecode.swift; path = Array.swift; sourceTree = "<group>"; };
		4BA4D12219C92D8200C46562 /* Admin.storyboard */ = {isa = PBXFileReference; fileEncoding = 4; lastKnownFileType = file.storyboard; path = Admin.storyboard; sourceTree = "<group>"; };
		4BA4D12419C92E3200C46562 /* VendorListViewController.swift */ = {isa = PBXFileReference; fileEncoding = 4; lastKnownFileType = sourcecode.swift; path = VendorListViewController.swift; sourceTree = "<group>"; };
		4BDE1EC219BFFC9E00CB3495 /* Chelitas Artesanas.playground */ = {isa = PBXFileReference; lastKnownFileType = file.playground; path = "Chelitas Artesanas.playground"; sourceTree = "<group>"; };
		4BDE1ECB19BFFD1B00CB3495 /* Vendor.swift */ = {isa = PBXFileReference; fileEncoding = 4; lastKnownFileType = sourcecode.swift; path = Vendor.swift; sourceTree = "<group>"; };
		4BDE1ECD19C0850600CB3495 /* Brewery.swift */ = {isa = PBXFileReference; fileEncoding = 4; lastKnownFileType = sourcecode.swift; path = Brewery.swift; sourceTree = "<group>"; };
		4BDE1ECF19C0864200CB3495 /* Stocking.swift */ = {isa = PBXFileReference; fileEncoding = 4; lastKnownFileType = sourcecode.swift; path = Stocking.swift; sourceTree = "<group>"; };
		4BE2178F19C1324100733D77 /* BreweryViewController.swift */ = {isa = PBXFileReference; fileEncoding = 4; lastKnownFileType = sourcecode.swift; name = BreweryViewController.swift; path = ../BreweryViewController.swift; sourceTree = "<group>"; };
		4BE2179819C13C9D00733D77 /* InformationViewController.swift */ = {isa = PBXFileReference; fileEncoding = 4; lastKnownFileType = sourcecode.swift; path = InformationViewController.swift; sourceTree = "<group>"; };
		D272979E7C6E457EBAF81D29 /* Pods.xcconfig */ = {isa = PBXFileReference; includeInIndex = 1; lastKnownFileType = text.xcconfig; name = Pods.xcconfig; path = Pods/Pods.xcconfig; sourceTree = "<group>"; };
/* End PBXFileReference section */

/* Begin PBXFrameworksBuildPhase section */
		4B284F2919BBC33F00A4D6AB /* Frameworks */ = {
			isa = PBXFrameworksBuildPhase;
			buildActionMask = 2147483647;
			files = (
				4B30135F19E73A0A00AE809D /* Alamofire.framework in Frameworks */,
				4B076C1319E6BC00009F6B20 /* libc++.dylib in Frameworks */,
				4B076C1119E6BBDB009F6B20 /* Realm.framework in Frameworks */,
				4B284F4F19BBC51E00A4D6AB /* MapKit.framework in Frameworks */,
				D5611B8E724E4E22BB8E9566 /* libPods.a in Frameworks */,
			);
			runOnlyForDeploymentPostprocessing = 0;
		};
		4B284F3B19BBC33F00A4D6AB /* Frameworks */ = {
			isa = PBXFrameworksBuildPhase;
			buildActionMask = 2147483647;
			files = (
			);
			runOnlyForDeploymentPostprocessing = 0;
		};
/* End PBXFrameworksBuildPhase section */

/* Begin PBXGroup section */
		4B03252519CF8EBB00129EB5 /* Services */ = {
			isa = PBXGroup;
			children = (
				4B3686C619DAFC25002BDDA2 /* API.swift */,
				4B09760219D38CBA005E73C3 /* Map.swift */,
				4B1F497919CE3ABF006DC6C1 /* AdminSession.swift */,
			);
			path = Services;
			sourceTree = "<group>";
		};
		4B076BF619E4ECE6009F6B20 /* Transisitions and Segues */ = {
			isa = PBXGroup;
			children = (
				4B076BF919E4F09C009F6B20 /* VendorDetailTransitioningDelegate.swift */,
			);
			name = "Transisitions and Segues";
			path = Segues;
			sourceTree = "<group>";
		};
		4B284F2319BBC33F00A4D6AB = {
			isa = PBXGroup;
			children = (
				4BDE1EC219BFFC9E00CB3495 /* Chelitas Artesanas.playground */,
				4B284F4E19BBC51E00A4D6AB /* MapKit.framework */,
				4B284F2E19BBC33F00A4D6AB /* Chelitas Artesanas */,
				4B284F4119BBC33F00A4D6AB /* Chelitas ArtesanasTests */,
				4B284F2D19BBC33F00A4D6AB /* Products */,
				D272979E7C6E457EBAF81D29 /* Pods.xcconfig */,
				4B30135419E739A900AE809D /* Alamofire.xcodeproj */,
				4B076C1019E6BBDB009F6B20 /* Realm.framework */,
				B6447C62533744189E0AF3AA /* Frameworks */,
			);
			sourceTree = "<group>";
		};
		4B284F2D19BBC33F00A4D6AB /* Products */ = {
			isa = PBXGroup;
			children = (
				4B284F2C19BBC33F00A4D6AB /* Chelitas Artesanas.app */,
				4B284F3E19BBC33F00A4D6AB /* Chelitas ArtesanasTests.xctest */,
			);
			name = Products;
			sourceTree = "<group>";
		};
		4B284F2E19BBC33F00A4D6AB /* Chelitas Artesanas */ = {
			isa = PBXGroup;
			children = (
				4B076BF619E4ECE6009F6B20 /* Transisitions and Segues */,
				4B03252519CF8EBB00129EB5 /* Services */,
				4B8C031A19CE2ECB008E9A00 /* Extensions */,
				4B284F3119BBC33F00A4D6AB /* AppDelegate.swift */,
				4B284F3319BBC33F00A4D6AB /* ViewController.swift */,
				4BE2179819C13C9D00733D77 /* InformationViewController.swift */,
				4B076BE519E4C133009F6B20 /* VendorDetailViewController.swift */,
				4B284F3519BBC33F00A4D6AB /* Main.storyboard */,
				4B3686AE19D5DAAF002BDDA2 /* Providers */,
				4BDE1ECA19BFFCEA00CB3495 /* Models */,
				4BA4D11F19C9220200C46562 /* Admin */,
				4B284F3819BBC33F00A4D6AB /* Images.xcassets */,
				4B284F2F19BBC33F00A4D6AB /* Supporting Files */,
			);
			path = "Chelitas Artesanas";
			sourceTree = "<group>";
		};
		4B284F2F19BBC33F00A4D6AB /* Supporting Files */ = {
			isa = PBXGroup;
			children = (
				4B076C1419E6BC26009F6B20 /* RLMSupport.swift */,
				4B09760D19D3C7BE005E73C3 /* Chelitas-Artesanas-Bridging-Header.h */,
				4B284F3019BBC33F00A4D6AB /* Info.plist */,
			);
			name = "Supporting Files";
			sourceTree = "<group>";
		};
		4B284F4119BBC33F00A4D6AB /* Chelitas ArtesanasTests */ = {
			isa = PBXGroup;
			children = (
				4B284F4419BBC33F00A4D6AB /* Chelitas_ArtesanasTests.swift */,
				4B284F4219BBC33F00A4D6AB /* Supporting Files */,
			);
			path = "Chelitas ArtesanasTests";
			sourceTree = "<group>";
		};
		4B284F4219BBC33F00A4D6AB /* Supporting Files */ = {
			isa = PBXGroup;
			children = (
				4B284F4319BBC33F00A4D6AB /* Info.plist */,
			);
			name = "Supporting Files";
			sourceTree = "<group>";
		};
		4B30135519E739A900AE809D /* Products */ = {
			isa = PBXGroup;
			children = (
				4B30135C19E739A900AE809D /* Alamofire.framework */,
				4B30135E19E739A900AE809D /* AlamofireTests.xctest */,
			);
			name = Products;
			sourceTree = "<group>";
		};
		4B3686AE19D5DAAF002BDDA2 /* Providers */ = {
			isa = PBXGroup;
			children = (
				4B3686AF19D5DAC1002BDDA2 /* MapItemProvider.swift */,
			);
			path = Providers;
			sourceTree = "<group>";
		};
		4B8C031A19CE2ECB008E9A00 /* Extensions */ = {
			isa = PBXGroup;
			children = (
				4B3686B219D9909B002BDDA2 /* NSDateFormatter.swift */,
				4B8C031B19CE2EFC008E9A00 /* Array.swift */,
				4B09762119D50E23005E73C3 /* String.swift */,
				4B1C5FBA19DBB7A400B17AC4 /* RLMRealm.swift */,
			);
			path = Extensions;
			sourceTree = "<group>";
		};
		4BA4D11F19C9220200C46562 /* Admin */ = {
			isa = PBXGroup;
			children = (
				4BA4D12219C92D8200C46562 /* Admin.storyboard */,
				4B3FE4D119CA8B19003EEB61 /* LoginViewController.swift */,
				4BE2178F19C1324100733D77 /* BreweryViewController.swift */,
				4BA4D12419C92E3200C46562 /* VendorListViewController.swift */,
				4B066ED119D0C43C00B20F30 /* NewVendorViewController.swift */,
				4B8AE2FF19CA7B850039D97E /* ShowVendorViewController.swift */,
				4B076BF019E4C251009F6B20 /* Admin.swift */,
			);
			path = Admin;
			sourceTree = "<group>";
		};
		4BDE1ECA19BFFCEA00CB3495 /* Models */ = {
			isa = PBXGroup;
			children = (
				4BDE1ECD19C0850600CB3495 /* Brewery.swift */,
				4BDE1ECF19C0864200CB3495 /* Stocking.swift */,
				4BDE1ECB19BFFD1B00CB3495 /* Vendor.swift */,
			);
			path = Models;
			sourceTree = "<group>";
		};
		B6447C62533744189E0AF3AA /* Frameworks */ = {
			isa = PBXGroup;
			children = (
				4B076C1219E6BC00009F6B20 /* libc++.dylib */,
				10B624A676044CE580C0D84B /* libPods.a */,
			);
			name = Frameworks;
			sourceTree = "<group>";
		};
/* End PBXGroup section */

/* Begin PBXNativeTarget section */
		4B284F2B19BBC33F00A4D6AB /* Chelitas Artesanas */ = {
			isa = PBXNativeTarget;
			buildConfigurationList = 4B284F4819BBC33F00A4D6AB /* Build configuration list for PBXNativeTarget "Chelitas Artesanas" */;
			buildPhases = (
				B43FCA4B648746A391B53968 /* Check Pods Manifest.lock */,
				4B284F2819BBC33F00A4D6AB /* Sources */,
				4B284F2919BBC33F00A4D6AB /* Frameworks */,
				4B284F2A19BBC33F00A4D6AB /* Resources */,
				4B2E0C6E19BFFB4D001E71A2 /* Copy Frameworks */,
				5137A925191B4DE78336AD12 /* Copy Pods Resources */,
			);
			buildRules = (
			);
			dependencies = (
			);
			name = "Chelitas Artesanas";
			productName = "Chelitas Artesanas";
			productReference = 4B284F2C19BBC33F00A4D6AB /* Chelitas Artesanas.app */;
			productType = "com.apple.product-type.application";
		};
		4B284F3D19BBC33F00A4D6AB /* Chelitas ArtesanasTests */ = {
			isa = PBXNativeTarget;
			buildConfigurationList = 4B284F4B19BBC33F00A4D6AB /* Build configuration list for PBXNativeTarget "Chelitas ArtesanasTests" */;
			buildPhases = (
				4B284F3A19BBC33F00A4D6AB /* Sources */,
				4B284F3B19BBC33F00A4D6AB /* Frameworks */,
				4B284F3C19BBC33F00A4D6AB /* Resources */,
			);
			buildRules = (
			);
			dependencies = (
				4B284F4019BBC33F00A4D6AB /* PBXTargetDependency */,
			);
			name = "Chelitas ArtesanasTests";
			productName = "Chelitas ArtesanasTests";
			productReference = 4B284F3E19BBC33F00A4D6AB /* Chelitas ArtesanasTests.xctest */;
			productType = "com.apple.product-type.bundle.unit-test";
		};
/* End PBXNativeTarget section */

/* Begin PBXProject section */
		4B284F2419BBC33F00A4D6AB /* Project object */ = {
			isa = PBXProject;
			attributes = {
				LastUpgradeCheck = 0600;
				ORGANIZATIONNAME = Notion;
				TargetAttributes = {
					4B284F2B19BBC33F00A4D6AB = {
						CreatedOnToolsVersion = 6.0;
					};
					4B284F3D19BBC33F00A4D6AB = {
						CreatedOnToolsVersion = 6.0;
						TestTargetID = 4B284F2B19BBC33F00A4D6AB;
					};
				};
			};
			buildConfigurationList = 4B284F2719BBC33F00A4D6AB /* Build configuration list for PBXProject "Chelitas Artesanas" */;
			compatibilityVersion = "Xcode 3.2";
			developmentRegion = English;
			hasScannedForEncodings = 0;
			knownRegions = (
				en,
				Base,
			);
			mainGroup = 4B284F2319BBC33F00A4D6AB;
			productRefGroup = 4B284F2D19BBC33F00A4D6AB /* Products */;
			projectDirPath = "";
			projectReferences = (
				{
					ProductGroup = 4B30135519E739A900AE809D /* Products */;
					ProjectRef = 4B30135419E739A900AE809D /* Alamofire.xcodeproj */;
				},
			);
			projectRoot = "";
			targets = (
				4B284F2B19BBC33F00A4D6AB /* Chelitas Artesanas */,
				4B284F3D19BBC33F00A4D6AB /* Chelitas ArtesanasTests */,
			);
		};
/* End PBXProject section */

/* Begin PBXReferenceProxy section */
		4B30135C19E739A900AE809D /* Alamofire.framework */ = {
			isa = PBXReferenceProxy;
			fileType = wrapper.framework;
			path = Alamofire.framework;
			remoteRef = 4B30135B19E739A900AE809D /* PBXContainerItemProxy */;
			sourceTree = BUILT_PRODUCTS_DIR;
		};
		4B30135E19E739A900AE809D /* AlamofireTests.xctest */ = {
			isa = PBXReferenceProxy;
			fileType = wrapper.cfbundle;
			path = AlamofireTests.xctest;
			remoteRef = 4B30135D19E739A900AE809D /* PBXContainerItemProxy */;
			sourceTree = BUILT_PRODUCTS_DIR;
		};
/* End PBXReferenceProxy section */

/* Begin PBXResourcesBuildPhase section */
		4B284F2A19BBC33F00A4D6AB /* Resources */ = {
			isa = PBXResourcesBuildPhase;
			buildActionMask = 2147483647;
			files = (
				4B284F3719BBC33F00A4D6AB /* Main.storyboard in Resources */,
				4BA4D12319C92D8200C46562 /* Admin.storyboard in Resources */,
				4B284F3919BBC33F00A4D6AB /* Images.xcassets in Resources */,
			);
			runOnlyForDeploymentPostprocessing = 0;
		};
		4B284F3C19BBC33F00A4D6AB /* Resources */ = {
			isa = PBXResourcesBuildPhase;
			buildActionMask = 2147483647;
			files = (
			);
			runOnlyForDeploymentPostprocessing = 0;
		};
/* End PBXResourcesBuildPhase section */

/* Begin PBXShellScriptBuildPhase section */
		5137A925191B4DE78336AD12 /* Copy Pods Resources */ = {
			isa = PBXShellScriptBuildPhase;
			buildActionMask = 2147483647;
			files = (
			);
			inputPaths = (
			);
			name = "Copy Pods Resources";
			outputPaths = (
			);
			runOnlyForDeploymentPostprocessing = 0;
			shellPath = /bin/sh;
			shellScript = "\"${SRCROOT}/Pods/Pods-resources.sh\"\n";
			showEnvVarsInLog = 0;
		};
		B43FCA4B648746A391B53968 /* Check Pods Manifest.lock */ = {
			isa = PBXShellScriptBuildPhase;
			buildActionMask = 2147483647;
			files = (
			);
			inputPaths = (
			);
			name = "Check Pods Manifest.lock";
			outputPaths = (
			);
			runOnlyForDeploymentPostprocessing = 0;
			shellPath = /bin/sh;
			shellScript = "diff \"${PODS_ROOT}/../Podfile.lock\" \"${PODS_ROOT}/Manifest.lock\" > /dev/null\nif [[ $? != 0 ]] ; then\n    cat << EOM\nerror: The sandbox is not in sync with the Podfile.lock. Run 'pod install' or update your CocoaPods installation.\nEOM\n    exit 1\nfi\n";
			showEnvVarsInLog = 0;
		};
/* End PBXShellScriptBuildPhase section */

/* Begin PBXSourcesBuildPhase section */
		4B284F2819BBC33F00A4D6AB /* Sources */ = {
			isa = PBXSourcesBuildPhase;
			buildActionMask = 2147483647;
			files = (
				4B076C1519E6BC26009F6B20 /* RLMSupport.swift in Sources */,
				4B3FE4D219CA8B19003EEB61 /* LoginViewController.swift in Sources */,
				4B284F3419BBC33F00A4D6AB /* ViewController.swift in Sources */,
				4BDE1ECC19BFFD1B00CB3495 /* Vendor.swift in Sources */,
				4BE2179019C1324100733D77 /* BreweryViewController.swift in Sources */,
				4BDE1ED019C0864200CB3495 /* Stocking.swift in Sources */,
				4B076BFA19E4F09C009F6B20 /* VendorDetailTransitioningDelegate.swift in Sources */,
				4BDE1ECE19C0850600CB3495 /* Brewery.swift in Sources */,
				4BE2179919C13C9D00733D77 /* InformationViewController.swift in Sources */,
				4B8C031C19CE2EFC008E9A00 /* Array.swift in Sources */,
				4B3686B319D9909B002BDDA2 /* NSDateFormatter.swift in Sources */,
				4B1F497A19CE3ABF006DC6C1 /* AdminSession.swift in Sources */,
				4B09760319D38CBA005E73C3 /* Map.swift in Sources */,
				4B1C5FBB19DBB7A400B17AC4 /* RLMRealm.swift in Sources */,
				4B8AE30019CA7B850039D97E /* ShowVendorViewController.swift in Sources */,
				4BA4D12519C92E3200C46562 /* VendorListViewController.swift in Sources */,
				4B3686B019D5DAC1002BDDA2 /* MapItemProvider.swift in Sources */,
				4B076BE619E4C133009F6B20 /* VendorDetailViewController.swift in Sources */,
				4B076BF119E4C251009F6B20 /* Admin.swift in Sources */,
				4B284F3219BBC33F00A4D6AB /* AppDelegate.swift in Sources */,
				4B09762219D50E23005E73C3 /* String.swift in Sources */,
				4B3686C719DAFC25002BDDA2 /* API.swift in Sources */,
				4B066ED219D0C43C00B20F30 /* NewVendorViewController.swift in Sources */,
			);
			runOnlyForDeploymentPostprocessing = 0;
		};
		4B284F3A19BBC33F00A4D6AB /* Sources */ = {
			isa = PBXSourcesBuildPhase;
			buildActionMask = 2147483647;
			files = (
				4B284F4519BBC33F00A4D6AB /* Chelitas_ArtesanasTests.swift in Sources */,
			);
			runOnlyForDeploymentPostprocessing = 0;
		};
/* End PBXSourcesBuildPhase section */

/* Begin PBXTargetDependency section */
		4B284F4019BBC33F00A4D6AB /* PBXTargetDependency */ = {
			isa = PBXTargetDependency;
			target = 4B284F2B19BBC33F00A4D6AB /* Chelitas Artesanas */;
			targetProxy = 4B284F3F19BBC33F00A4D6AB /* PBXContainerItemProxy */;
		};
/* End PBXTargetDependency section */

/* Begin PBXVariantGroup section */
		4B284F3519BBC33F00A4D6AB /* Main.storyboard */ = {
			isa = PBXVariantGroup;
			children = (
				4B284F3619BBC33F00A4D6AB /* Base */,
			);
			name = Main.storyboard;
			sourceTree = "<group>";
		};
/* End PBXVariantGroup section */

/* Begin XCBuildConfiguration section */
		4B284F4619BBC33F00A4D6AB /* Debug */ = {
			isa = XCBuildConfiguration;
			buildSettings = {
				ALWAYS_SEARCH_USER_PATHS = NO;
				CLANG_CXX_LANGUAGE_STANDARD = "gnu++0x";
				CLANG_CXX_LIBRARY = "libc++";
				CLANG_ENABLE_MODULES = YES;
				CLANG_ENABLE_OBJC_ARC = YES;
				CLANG_WARN_BOOL_CONVERSION = YES;
				CLANG_WARN_CONSTANT_CONVERSION = YES;
				CLANG_WARN_DIRECT_OBJC_ISA_USAGE = YES_ERROR;
				CLANG_WARN_EMPTY_BODY = YES;
				CLANG_WARN_ENUM_CONVERSION = YES;
				CLANG_WARN_INT_CONVERSION = YES;
				CLANG_WARN_OBJC_ROOT_CLASS = YES_ERROR;
				CLANG_WARN_UNREACHABLE_CODE = YES;
				CLANG_WARN__DUPLICATE_METHOD_MATCH = YES;
				"CODE_SIGN_IDENTITY[sdk=iphoneos*]" = "iPhone Developer";
				COPY_PHASE_STRIP = NO;
				ENABLE_STRICT_OBJC_MSGSEND = YES;
				GCC_C_LANGUAGE_STANDARD = gnu99;
				GCC_DYNAMIC_NO_PIC = NO;
				GCC_OPTIMIZATION_LEVEL = 0;
				GCC_PREPROCESSOR_DEFINITIONS = (
					"DEBUG=1",
					"$(inherited)",
				);
				GCC_SYMBOLS_PRIVATE_EXTERN = NO;
				GCC_WARN_64_TO_32_BIT_CONVERSION = YES;
				GCC_WARN_ABOUT_RETURN_TYPE = YES_ERROR;
				GCC_WARN_UNDECLARED_SELECTOR = YES;
				GCC_WARN_UNINITIALIZED_AUTOS = YES_AGGRESSIVE;
				GCC_WARN_UNUSED_FUNCTION = YES;
				GCC_WARN_UNUSED_VARIABLE = YES;
				IPHONEOS_DEPLOYMENT_TARGET = 8.0;
				MTL_ENABLE_DEBUG_INFO = YES;
				ONLY_ACTIVE_ARCH = YES;
				SDKROOT = iphoneos;
				SWIFT_OPTIMIZATION_LEVEL = "-Onone";
			};
			name = Debug;
		};
		4B284F4719BBC33F00A4D6AB /* Release */ = {
			isa = XCBuildConfiguration;
			buildSettings = {
				ALWAYS_SEARCH_USER_PATHS = NO;
				CLANG_CXX_LANGUAGE_STANDARD = "gnu++0x";
				CLANG_CXX_LIBRARY = "libc++";
				CLANG_ENABLE_MODULES = YES;
				CLANG_ENABLE_OBJC_ARC = YES;
				CLANG_WARN_BOOL_CONVERSION = YES;
				CLANG_WARN_CONSTANT_CONVERSION = YES;
				CLANG_WARN_DIRECT_OBJC_ISA_USAGE = YES_ERROR;
				CLANG_WARN_EMPTY_BODY = YES;
				CLANG_WARN_ENUM_CONVERSION = YES;
				CLANG_WARN_INT_CONVERSION = YES;
				CLANG_WARN_OBJC_ROOT_CLASS = YES_ERROR;
				CLANG_WARN_UNREACHABLE_CODE = YES;
				CLANG_WARN__DUPLICATE_METHOD_MATCH = YES;
				"CODE_SIGN_IDENTITY[sdk=iphoneos*]" = "iPhone Developer";
				COPY_PHASE_STRIP = YES;
				ENABLE_NS_ASSERTIONS = NO;
				ENABLE_STRICT_OBJC_MSGSEND = YES;
				GCC_C_LANGUAGE_STANDARD = gnu99;
				GCC_WARN_64_TO_32_BIT_CONVERSION = YES;
				GCC_WARN_ABOUT_RETURN_TYPE = YES_ERROR;
				GCC_WARN_UNDECLARED_SELECTOR = YES;
				GCC_WARN_UNINITIALIZED_AUTOS = YES_AGGRESSIVE;
				GCC_WARN_UNUSED_FUNCTION = YES;
				GCC_WARN_UNUSED_VARIABLE = YES;
				IPHONEOS_DEPLOYMENT_TARGET = 8.0;
				MTL_ENABLE_DEBUG_INFO = NO;
				SDKROOT = iphoneos;
				VALIDATE_PRODUCT = YES;
			};
			name = Release;
		};
		4B284F4919BBC33F00A4D6AB /* Debug */ = {
			isa = XCBuildConfiguration;
			baseConfigurationReference = D272979E7C6E457EBAF81D29 /* Pods.xcconfig */;
			buildSettings = {
				ASSETCATALOG_COMPILER_APPICON_NAME = AppIcon;
				ASSETCATALOG_COMPILER_LAUNCHIMAGE_NAME = LaunchImage;
				DEFINES_MODULE = YES;
				FRAMEWORK_SEARCH_PATHS = (
					"$(inherited)",
					"$(PROJECT_DIR)",
				);
				INFOPLIST_FILE = "Chelitas Artesanas/Info.plist";
				IPHONEOS_DEPLOYMENT_TARGET = 8.0;
				LD_RUNPATH_SEARCH_PATHS = "$(inherited) @executable_path/Frameworks";
				PRODUCT_NAME = "$(TARGET_NAME)";
				SWIFT_OBJC_BRIDGING_HEADER = "$(SRCROOT)/Chelitas Artesanas/Chelitas-Artesanas-Bridging-Header.h";
			};
			name = Debug;
		};
		4B284F4A19BBC33F00A4D6AB /* Release */ = {
			isa = XCBuildConfiguration;
			baseConfigurationReference = D272979E7C6E457EBAF81D29 /* Pods.xcconfig */;
			buildSettings = {
				ASSETCATALOG_COMPILER_APPICON_NAME = AppIcon;
				ASSETCATALOG_COMPILER_LAUNCHIMAGE_NAME = LaunchImage;
				DEFINES_MODULE = YES;
				FRAMEWORK_SEARCH_PATHS = (
					"$(inherited)",
					"$(PROJECT_DIR)",
				);
				INFOPLIST_FILE = "Chelitas Artesanas/Info.plist";
				IPHONEOS_DEPLOYMENT_TARGET = 8.0;
				LD_RUNPATH_SEARCH_PATHS = "$(inherited) @executable_path/Frameworks";
				PRODUCT_NAME = "$(TARGET_NAME)";
				SWIFT_OBJC_BRIDGING_HEADER = "$(SRCROOT)/Chelitas Artesanas/Chelitas-Artesanas-Bridging-Header.h";
			};
			name = Release;
		};
		4B284F4C19BBC33F00A4D6AB /* Debug */ = {
			isa = XCBuildConfiguration;
			buildSettings = {
				BUNDLE_LOADER = "$(TEST_HOST)";
				FRAMEWORK_SEARCH_PATHS = (
					"$(SDKROOT)/Developer/Library/Frameworks",
					"$(inherited)",
				);
				GCC_PREPROCESSOR_DEFINITIONS = (
					"DEBUG=1",
					"$(inherited)",
				);
				INFOPLIST_FILE = "Chelitas ArtesanasTests/Info.plist";
				LD_RUNPATH_SEARCH_PATHS = "$(inherited) @executable_path/Frameworks @loader_path/Frameworks";
				PRODUCT_NAME = "$(TARGET_NAME)";
				TEST_HOST = "$(BUILT_PRODUCTS_DIR)/Chelitas Artesanas.app/Chelitas Artesanas";
			};
			name = Debug;
		};
		4B284F4D19BBC33F00A4D6AB /* Release */ = {
			isa = XCBuildConfiguration;
			buildSettings = {
				BUNDLE_LOADER = "$(TEST_HOST)";
				FRAMEWORK_SEARCH_PATHS = (
					"$(SDKROOT)/Developer/Library/Frameworks",
					"$(inherited)",
				);
				INFOPLIST_FILE = "Chelitas ArtesanasTests/Info.plist";
				LD_RUNPATH_SEARCH_PATHS = "$(inherited) @executable_path/Frameworks @loader_path/Frameworks";
				PRODUCT_NAME = "$(TARGET_NAME)";
				TEST_HOST = "$(BUILT_PRODUCTS_DIR)/Chelitas Artesanas.app/Chelitas Artesanas";
			};
			name = Release;
		};
/* End XCBuildConfiguration section */

/* Begin XCConfigurationList section */
		4B284F2719BBC33F00A4D6AB /* Build configuration list for PBXProject "Chelitas Artesanas" */ = {
			isa = XCConfigurationList;
			buildConfigurations = (
				4B284F4619BBC33F00A4D6AB /* Debug */,
				4B284F4719BBC33F00A4D6AB /* Release */,
			);
			defaultConfigurationIsVisible = 0;
			defaultConfigurationName = Release;
		};
		4B284F4819BBC33F00A4D6AB /* Build configuration list for PBXNativeTarget "Chelitas Artesanas" */ = {
			isa = XCConfigurationList;
			buildConfigurations = (
				4B284F4919BBC33F00A4D6AB /* Debug */,
				4B284F4A19BBC33F00A4D6AB /* Release */,
			);
			defaultConfigurationIsVisible = 0;
			defaultConfigurationName = Release;
		};
		4B284F4B19BBC33F00A4D6AB /* Build configuration list for PBXNativeTarget "Chelitas ArtesanasTests" */ = {
			isa = XCConfigurationList;
			buildConfigurations = (
				4B284F4C19BBC33F00A4D6AB /* Debug */,
				4B284F4D19BBC33F00A4D6AB /* Release */,
			);
			defaultConfigurationIsVisible = 0;
			defaultConfigurationName = Release;
		};
/* End XCConfigurationList section */
	};
	rootObject = 4B284F2419BBC33F00A4D6AB /* Project object */;
}
